{
  "lockfileVersion": 1,
  "sources": {
    "dyoshikawa/rulesync": {
      "requestedRef": "main",
      "resolvedRef": "dc0df17b98e77d2ce291e022dbf65c8db2e60178",
      "resolvedAt": "2026-05-26T13:24:25.107Z",
      "skills": {
        "rulesync": {
          "integrity": "sha256-354cdfda8c2f2df8d0de04faec3ddc777d3dce3246ca9cd48b603de9f667ac0a"
        }
      }
    },
    "kepano/obsidian-skills": {
      "requestedRef": "main",
      "resolvedRef": "553ef99aa3306dd23f268e1ba9af752577684f69",
      "resolvedAt": "2026-05-26T13:24:29.723Z",
      "skills": {
        "defuddle": {
          "integrity": "sha256-538dd8aaa673910e8b75a13a8a401b63b28a5a1c392374052191fd72b6e7017a"
        },
        "json-canvas": {
          "integrity": "sha256-b530b7d3363caf52d71a633b10965759004be6dac898b909d07e8202861e4506"
        },
        "obsidian-bases": {
          "integrity": "sha256-207a578020af7df520d0889adb1de9a4916d081ed9d186032c845207f82239a8"
        },
        "obsidian-cli": {
          "integrity": "sha256-58fec9d58ebc0c4ddbbdecf49a43fbdb2748b81729382708f84269fa84104564"
        },
        "obsidian-markdown": {
          "integrity": "sha256-addfa88fec5dba91f97718e60ba1b11f842e79cd97c33ffdac252c4442d29ca1"
        }
      }
    },
    "cocoindex-io/cocoindex-code": {
      "requestedRef": "main",
      "resolvedRef": "e6a077fc60ea40d1906b335a837c4cb658bd6d76",
      "resolvedAt": "2026-05-26T13:24:31.869Z",
      "skills": {
        "ccc": {
          "integrity": "sha256-2786de683fb66a5736d8d28c6b96ce6beb8167ff2fd5726929b8d23643b26fb7"
        }
      }
    }
  }
}
