{
  "lockfileVersion": 1,
  "sources": {
    "dyoshikawa/rulesync:skills/rulesync": {
      "requestedRef": "main",
      "resolvedRef": "2e32bcc481d49b7711ef9ce07d9d0353c36fdc47",
      "resolvedAt": "2026-05-25T18:47:52.890Z",
      "skills": {}
    },
    "kepano/obsidian-skills": {
      "requestedRef": "main",
      "resolvedRef": "553ef99aa3306dd23f268e1ba9af752577684f69",
      "resolvedAt": "2026-05-25T18:47:59.178Z",
      "skills": {
        "defuddle": {
          "integrity": "sha256-538dd8aaa673910e8b75a13a8a401b63b28a5a1c392374052191fd72b6e7017a"
        },
        "json-canvas": {
          "integrity": "sha256-b530b7d3363caf52d71a633b10965759004be6dac898b909d07e8202861e4506"
        },
        "obsidian-bases": {
          "integrity": "sha256-207a578020af7df520d0889adb1de9a4916d081ed9d186032c845207f82239a8"
        },
        "obsidian-cli": {
          "integrity": "sha256-58fec9d58ebc0c4ddbbdecf49a43fbdb2748b81729382708f84269fa84104564"
        },
        "obsidian-markdown": {
          "integrity": "sha256-addfa88fec5dba91f97718e60ba1b11f842e79cd97c33ffdac252c4442d29ca1"
        }
      }
    },
    "cocoindex-io/cocoindex-code": {
      "requestedRef": "main",
      "resolvedRef": "e6a077fc60ea40d1906b335a837c4cb658bd6d76",
      "resolvedAt": "2026-05-25T18:48:01.472Z",
      "skills": {
        "ccc": {
          "integrity": "sha256-2786de683fb66a5736d8d28c6b96ce6beb8167ff2fd5726929b8d23643b26fb7"
        }
      }
    },
    "mattpocock/skills:skills/productivity": {
      "requestedRef": "main",
      "resolvedRef": "b8be62ffacb0118fa3eaa29a0923c87c8c11985c",
      "resolvedAt": "2026-05-25T18:48:04.276Z",
      "skills": {
        "handoff": {
          "integrity": "sha256-478ba7f43732eb37517839d1360c630bc645a1eac6f39737cb3fb38d22a1194b"
        },
        "write-a-skill": {
          "integrity": "sha256-03840258378476cbefa13fd3f7bf70db93ec1c3cdd7d0dc4edb9431e71a2a24d"
        }
      }
    },
    "mattpocock/skills:skills/personal": {
      "requestedRef": "main",
      "resolvedRef": "b8be62ffacb0118fa3eaa29a0923c87c8c11985c",
      "resolvedAt": "2026-05-25T18:48:06.114Z",
      "skills": {
        "edit-article": {
          "integrity": "sha256-6cf84cab687a059a11a147c2536ed1f3fa13e088d9e70683954695c1b66cf08c"
        },
        "obsidian-vault": {
          "integrity": "sha256-1e34caaa182c3e70be80aad679952bd0850e76c257a3f24bd7118bebfbec6c72"
        }
      }
    },
    "mattpocock/skills:skills/engineering": {
      "requestedRef": "main",
      "resolvedRef": "b8be62ffacb0118fa3eaa29a0923c87c8c11985c",
      "resolvedAt": "2026-05-25T18:48:16.286Z",
      "skills": {
        "diagnose": {
          "integrity": "sha256-9e8a25a0dfc2da80a0867158a65a15368740bbe0ffec4126c7552b94b53d570f"
        },
        "grill-with-docs": {
          "integrity": "sha256-239939bf31313e6de6ca84e78cb77e1dc0011157a1dcf62594e495b0ada34b12"
        },
        "improve-codebase-architecture": {
          "integrity": "sha256-326e2a53c622d19509f2b0c32111b4d8cb208eb3df1bd1dd8671308708bc245b"
        },
        "prototype": {
          "integrity": "sha256-76829cdb04f2cf3924e58f90d298a2e39029a3031f76f68131dbe5ae9a9a3f83"
        },
        "tdd": {
          "integrity": "sha256-9a25970955327737d80d256e7bc2a39ceec96191b01d027eb21124e640c96e1e"
        },
        "to-issues": {
          "integrity": "sha256-3fc7c307251c4f08a50326236e7e70faffe1dadb99ee35a3d854b1b7a0b79418"
        },
        "to-prd": {
          "integrity": "sha256-a9a42e82d98fc26a289ee525b29af933b81a5b937f58284bda69128c88e49b3d"
        },
        "triage": {
          "integrity": "sha256-4e735cfcce7f614cef6849ba5cec4355cb6d42e507601e63cfbd707dd0be9c1c"
        },
        "zoom-out": {
          "integrity": "sha256-34f4bab271b9b9bbad01e08413d5a096ec84d1ee983d747de9219f77afc5e897"
        }
      }
    }
  }
}
