{
  "lockfileVersion": 1,
  "sources": {
    "dyoshikawa/rulesync": {
      "requestedRef": "main",
      "resolvedRef": "b4bf09d558160f892535133f117a2423c5123383",
      "resolvedAt": "2026-06-29T08:53:23.542Z",
      "skills": {
        "rulesync": {
          "integrity": "sha256-cd43b6d613c7c38a6600a557bfd3ede7f0b7e320ef6b19e299b5ca1e0bee0db5"
        }
      }
    },
    "blader/humanizer": {
      "requestedRef": "main",
      "resolvedRef": "9600f2b7241cb4eed6ad803abee5ea01d67fe8e4",
      "resolvedAt": "2026-06-29T08:53:25.375Z",
      "skills": {
        "humanizer": {
          "integrity": "sha256-8f5b3cf97bbbae0b5f12809395baea746d371d56d06f2cc8bdf9283d6d8fb88d"
        }
      }
    },
    "mattpocock/skills:skills/productivity": {
      "requestedRef": "main",
      "resolvedRef": "5d78bd0903420f97c791f834201e550c765699f8",
      "resolvedAt": "2026-06-29T08:53:28.245Z",
      "skills": {
        "handoff": {
          "integrity": "sha256-9d467ac388762c34b7fbb1683ba54af1f8918c28e1a1a98bc0f1ca840f94a9cf"
        },
        "teach": {
          "integrity": "sha256-63feafa166e24e8b85376accae0af357beb1874c61776acc32c1d39a6fce9bc4"
        }
      }
    },
    "mattpocock/skills:skills/personal": {
      "requestedRef": "main",
      "resolvedRef": "5d78bd0903420f97c791f834201e550c765699f8",
      "resolvedAt": "2026-06-29T08:53:30.042Z",
      "skills": {
        "edit-article": {
          "integrity": "sha256-be02c5ae0b89ca09c4cc4abc5f82e9bb0b739a73ec6ed4c45e01353e3be39274"
        },
        "obsidian-vault": {
          "integrity": "sha256-1e34caaa182c3e70be80aad679952bd0850e76c257a3f24bd7118bebfbec6c72"
        }
      }
    },
    "mattpocock/skills:skills/engineering": {
      "requestedRef": "main",
      "resolvedRef": "5d78bd0903420f97c791f834201e550c765699f8",
      "resolvedAt": "2026-06-29T08:53:36.006Z",
      "skills": {
        "grill-with-docs": {
          "integrity": "sha256-8683d99a2d347d358662c4d4744affd38212913b85a69158118b1f6735e5da7e"
        },
        "improve-codebase-architecture": {
          "integrity": "sha256-2823acbf7eb6674817713d21f449418c03dc4dbe33661760cff64255d40f8532"
        },
        "prototype": {
          "integrity": "sha256-ba8b437ef2c355f5321cde0b21011190a6e21f7554fc4139d0df3f61fae6e5cb"
        },
        "tdd": {
          "integrity": "sha256-20c73dd83caf7c5fb38e56a9a12558dc0e4791282369027c74aeb43d12df7ecf"
        },
        "to-issues": {
          "integrity": "sha256-6140d82b09999229e8ac00f537caee00e6e74bff7b2d717d34a483f2554d0917"
        },
        "to-prd": {
          "integrity": "sha256-3bcff1d61bd7999b66f118909822a8e6a0e3f6d583c1f00c2ec0a4a2a49d1b88"
        },
        "triage": {
          "integrity": "sha256-ac70de32fe89f8f08941e0baa3659954cb38d2a0de41a4050ded1456b81f5699"
        }
      }
    }
  }
}
