{
  "lockfileVersion": 1,
  "sources": {
    "davidvkimball/obsidian-dev-skills:.": {
      "requestedRef": "master",
      "resolvedRef": "6ca47c9cdbe3e1638848aeb7d645ed47d64a9cc1",
      "resolvedAt": "2026-06-27T20:50:08.820Z",
      "skills": {
        "obsidian-dev": {
          "integrity": "sha256-ac736da2eb996807c715878865aef6313458a8c5f5289e64e146bf2b6b80ff92"
        },
        "obsidian-ops": {
          "integrity": "sha256-72ee756d0768416417222056f9f707a811a5a38a34c25f7140e2e22216266191"
        },
        "obsidian-ref": {
          "integrity": "sha256-f7f4c279ce19efa2d4cf3bb1f6e4bfeda669093b2fed5e67ab84f2e02c5729bd"
        },
        "obsidian-theme-dev": {
          "integrity": "sha256-b521008afcb554dc4303901bae94e2dc4e96b2a7dc330d2207083765d4346a5d"
        }
      }
    }
  }
}
